github.com/bnch/uleb128 v0.0.0-20160221084957-fac1fe18ad59 h1:WmIm5PO5EyIEWq8ia2isZi+M8n4jb+jK8n62RUAQskA=
github.com/bnch/uleb128 v0.0.0-20160221084957-fac1fe18ad59/go.mod h1:zsF7tgeh6SxSU4t28n0DKFAmrHwIrdgbsBC50nUWIi8=
golang.org/x/sys v0.0.0-20201223074533-0d417f636930 h1:vRgIt+nup/B/BwIS0g2oC0haq0iqbV3ZA+u6+0TlNCo=
golang.org/x/sys v0.0.0-20201223074533-0d417f636930/go.mod h1:h1NjWce9XRLGQEsW7wpKNCjG9DtNlClVuFLEZdDNbEs=
